
Microsoft Visual Studio Solution File, Format Version 12.00
# Visual Studio Version 17
VisualStudioVersion = 17.2.32516.85
MinimumVisualStudioVersion = 10.0.40219.1
Project("{9A19103F-16F7-4668-BE54-9A1E7A4F7556}") = "Evo.Scm.Domain", "src\Evo.Scm.Domain\Evo.Scm.Domain.csproj", "{554AD327-6DBA-4F8F-96F8-81CE7A0C863F}"
EndProject
Project("{9A19103F-16F7-4668-BE54-9A1E7A4F7556}") = "Evo.Scm.Application", "src\Evo.Scm.Application\Evo.Scm.Application.csproj", "{1A94A50E-06DC-43C1-80B5-B662820EC3EB}"
EndProject
Project("{2150E333-8FDC-42A3-9474-1A3956D46DE8}") = "src", "src", "{CA9AC87F-097E-4F15-8393-4BC07735A5B0}"
EndProject
Project("{9A19103F-16F7-4668-BE54-9A1E7A4F7556}") = "Evo.Scm.Application.Contracts", "src\Evo.Scm.Application.Contracts\Evo.Scm.Application.Contracts.csproj", "{520659C8-C734-4298-A3DA-B539DB9DFC0B}"
EndProject
Project("{9A19103F-16F7-4668-BE54-9A1E7A4F7556}") = "Evo.Scm.HttpApi", "src\Evo.Scm.HttpApi\Evo.Scm.HttpApi.csproj", "{4164BDF7-F527-4E85-9CE6-E3C2D7426A27}"
EndProject
Project("{9A19103F-16F7-4668-BE54-9A1E7A4F7556}") = "Evo.Scm.HttpApi.Client", "src\Evo.Scm.HttpApi.Client\Evo.Scm.HttpApi.Client.csproj", "{3B5A0094-670D-4BB1-BFDD-61B88A8773DC}"
EndProject
Project("{9A19103F-16F7-4668-BE54-9A1E7A4F7556}") = "Evo.Scm.HttpApi.Host", "src\Evo.Scm.HttpApi.Host\Evo.Scm.HttpApi.Host.csproj", "{E6D5BF0E-DE92-4D82-A352-EF04B37CB11C}"
EndProject
Project("{9A19103F-16F7-4668-BE54-9A1E7A4F7556}") = "Evo.Scm.Workers", "src\Evo.Scm.Workers\Evo.Scm.Workers.csproj", "{CE2A3523-1F6D-417D-8717-CA510BD0034C}"
EndProject
Project("{9A19103F-16F7-4668-BE54-9A1E7A4F7556}") = "Evo.Scm.EntityFrameworkCore", "src\Evo.Scm.EntityFrameworkCore\Evo.Scm.EntityFrameworkCore.csproj", "{B81196A1-872F-4107-8A2C-1AB05BA53B03}"
EndProject
Global
	GlobalSection(SolutionConfigurationPlatforms) = preSolution
		Debug|Any CPU = Debug|Any CPU
		Release|Any CPU = Release|Any CPU
		Test|Any CPU = Test|Any CPU
	EndGlobalSection
	GlobalSection(ProjectConfigurationPlatforms) = postSolution
		{554AD327-6DBA-4F8F-96F8-81CE7A0C863F}.Debug|Any CPU.ActiveCfg = Debug|Any CPU
		{554AD327-6DBA-4F8F-96F8-81CE7A0C863F}.Debug|Any CPU.Build.0 = Debug|Any CPU
		{554AD327-6DBA-4F8F-96F8-81CE7A0C863F}.Release|Any CPU.ActiveCfg = Release|Any CPU
		{554AD327-6DBA-4F8F-96F8-81CE7A0C863F}.Release|Any CPU.Build.0 = Release|Any CPU
		{554AD327-6DBA-4F8F-96F8-81CE7A0C863F}.Test|Any CPU.ActiveCfg = Test|Any CPU
		{554AD327-6DBA-4F8F-96F8-81CE7A0C863F}.Test|Any CPU.Build.0 = Test|Any CPU
		{1A94A50E-06DC-43C1-80B5-B662820EC3EB}.Debug|Any CPU.ActiveCfg = Debug|Any CPU
		{1A94A50E-06DC-43C1-80B5-B662820EC3EB}.Debug|Any CPU.Build.0 = Debug|Any CPU
		{1A94A50E-06DC-43C1-80B5-B662820EC3EB}.Release|Any CPU.ActiveCfg = Release|Any CPU
		{1A94A50E-06DC-43C1-80B5-B662820EC3EB}.Release|Any CPU.Build.0 = Release|Any CPU
		{1A94A50E-06DC-43C1-80B5-B662820EC3EB}.Test|Any CPU.ActiveCfg = Test|Any CPU
		{1A94A50E-06DC-43C1-80B5-B662820EC3EB}.Test|Any CPU.Build.0 = Test|Any CPU
		{520659C8-C734-4298-A3DA-B539DB9DFC0B}.Debug|Any CPU.ActiveCfg = Debug|Any CPU
		{520659C8-C734-4298-A3DA-B539DB9DFC0B}.Debug|Any CPU.Build.0 = Debug|Any CPU
		{520659C8-C734-4298-A3DA-B539DB9DFC0B}.Release|Any CPU.ActiveCfg = Release|Any CPU
		{520659C8-C734-4298-A3DA-B539DB9DFC0B}.Release|Any CPU.Build.0 = Release|Any CPU
		{520659C8-C734-4298-A3DA-B539DB9DFC0B}.Test|Any CPU.ActiveCfg = Test|Any CPU
		{520659C8-C734-4298-A3DA-B539DB9DFC0B}.Test|Any CPU.Build.0 = Test|Any CPU
		{4164BDF7-F527-4E85-9CE6-E3C2D7426A27}.Debug|Any CPU.ActiveCfg = Debug|Any CPU
		{4164BDF7-F527-4E85-9CE6-E3C2D7426A27}.Debug|Any CPU.Build.0 = Debug|Any CPU
		{4164BDF7-F527-4E85-9CE6-E3C2D7426A27}.Release|Any CPU.ActiveCfg = Release|Any CPU
		{4164BDF7-F527-4E85-9CE6-E3C2D7426A27}.Release|Any CPU.Build.0 = Release|Any CPU
		{4164BDF7-F527-4E85-9CE6-E3C2D7426A27}.Test|Any CPU.ActiveCfg = Test|Any CPU
		{4164BDF7-F527-4E85-9CE6-E3C2D7426A27}.Test|Any CPU.Build.0 = Test|Any CPU
		{3B5A0094-670D-4BB1-BFDD-61B88A8773DC}.Debug|Any CPU.ActiveCfg = Debug|Any CPU
		{3B5A0094-670D-4BB1-BFDD-61B88A8773DC}.Debug|Any CPU.Build.0 = Debug|Any CPU
		{3B5A0094-670D-4BB1-BFDD-61B88A8773DC}.Release|Any CPU.ActiveCfg = Release|Any CPU
		{3B5A0094-670D-4BB1-BFDD-61B88A8773DC}.Release|Any CPU.Build.0 = Release|Any CPU
		{3B5A0094-670D-4BB1-BFDD-61B88A8773DC}.Test|Any CPU.ActiveCfg = Test|Any CPU
		{3B5A0094-670D-4BB1-BFDD-61B88A8773DC}.Test|Any CPU.Build.0 = Test|Any CPU
		{E6D5BF0E-DE92-4D82-A352-EF04B37CB11C}.Debug|Any CPU.ActiveCfg = Debug|Any CPU
		{E6D5BF0E-DE92-4D82-A352-EF04B37CB11C}.Debug|Any CPU.Build.0 = Debug|Any CPU
		{E6D5BF0E-DE92-4D82-A352-EF04B37CB11C}.Release|Any CPU.ActiveCfg = Release|Any CPU
		{E6D5BF0E-DE92-4D82-A352-EF04B37CB11C}.Release|Any CPU.Build.0 = Release|Any CPU
		{E6D5BF0E-DE92-4D82-A352-EF04B37CB11C}.Test|Any CPU.ActiveCfg = Test|Any CPU
		{E6D5BF0E-DE92-4D82-A352-EF04B37CB11C}.Test|Any CPU.Build.0 = Test|Any CPU
		{CE2A3523-1F6D-417D-8717-CA510BD0034C}.Debug|Any CPU.ActiveCfg = Debug|Any CPU
		{CE2A3523-1F6D-417D-8717-CA510BD0034C}.Debug|Any CPU.Build.0 = Debug|Any CPU
		{CE2A3523-1F6D-417D-8717-CA510BD0034C}.Release|Any CPU.ActiveCfg = Release|Any CPU
		{CE2A3523-1F6D-417D-8717-CA510BD0034C}.Release|Any CPU.Build.0 = Release|Any CPU
		{CE2A3523-1F6D-417D-8717-CA510BD0034C}.Test|Any CPU.ActiveCfg = Debug|Any CPU
		{CE2A3523-1F6D-417D-8717-CA510BD0034C}.Test|Any CPU.Build.0 = Debug|Any CPU
		{B81196A1-872F-4107-8A2C-1AB05BA53B03}.Debug|Any CPU.ActiveCfg = Debug|Any CPU
		{B81196A1-872F-4107-8A2C-1AB05BA53B03}.Debug|Any CPU.Build.0 = Debug|Any CPU
		{B81196A1-872F-4107-8A2C-1AB05BA53B03}.Release|Any CPU.ActiveCfg = Release|Any CPU
		{B81196A1-872F-4107-8A2C-1AB05BA53B03}.Release|Any CPU.Build.0 = Release|Any CPU
		{B81196A1-872F-4107-8A2C-1AB05BA53B03}.Test|Any CPU.ActiveCfg = Test|Any CPU
		{B81196A1-872F-4107-8A2C-1AB05BA53B03}.Test|Any CPU.Build.0 = Test|Any CPU
	EndGlobalSection
	GlobalSection(SolutionProperties) = preSolution
		HideSolutionNode = FALSE
	EndGlobalSection
	GlobalSection(NestedProjects) = preSolution
		{554AD327-6DBA-4F8F-96F8-81CE7A0C863F} = {CA9AC87F-097E-4F15-8393-4BC07735A5B0}
		{1A94A50E-06DC-43C1-80B5-B662820EC3EB} = {CA9AC87F-097E-4F15-8393-4BC07735A5B0}
		{520659C8-C734-4298-A3DA-B539DB9DFC0B} = {CA9AC87F-097E-4F15-8393-4BC07735A5B0}
		{4164BDF7-F527-4E85-9CE6-E3C2D7426A27} = {CA9AC87F-097E-4F15-8393-4BC07735A5B0}
		{3B5A0094-670D-4BB1-BFDD-61B88A8773DC} = {CA9AC87F-097E-4F15-8393-4BC07735A5B0}
		{E6D5BF0E-DE92-4D82-A352-EF04B37CB11C} = {CA9AC87F-097E-4F15-8393-4BC07735A5B0}
		{CE2A3523-1F6D-417D-8717-CA510BD0034C} = {CA9AC87F-097E-4F15-8393-4BC07735A5B0}
		{B81196A1-872F-4107-8A2C-1AB05BA53B03} = {CA9AC87F-097E-4F15-8393-4BC07735A5B0}
	EndGlobalSection
	GlobalSection(ExtensibilityGlobals) = postSolution
		SolutionGuid = {28315BFD-90E7-4E14-A2EA-F3D23AF4126F}
	EndGlobalSection
EndGlobal
